
Microsoft Visual Studio Solution File, Format Version 12.00
# Visual Studio Version 17
VisualStudioVersion = 17.2.32516.85
MinimumVisualStudioVersion = 10.0.40219.1
Project("{9A19103F-16F7-4668-BE54-9A1E7A4F7556}") = "DeskBooker.Core.Tests", "DeskBooker.Core.Tests\DeskBooker.Core.Tests.csproj", "{340CC60B-3718-42B5-A880-256539EC59C9}"
EndProject
Project("{FAE04EC0-301F-11D3-BF4B-00C04F79EFBC}") = "DeskBooker.Core", "DeskBooker.Core\DeskBooker.Core.csproj", "{9826A138-4EB0-4475-ACD9-E65AF1938229}"
EndProject
Global
	GlobalSection(SolutionConfigurationPlatforms) = preSolution
		Debug|Any CPU = Debug|Any CPU
		Release|Any CPU = Release|Any CPU
	EndGlobalSection
	GlobalSection(ProjectConfigurationPlatforms) = postSolution
		{340CC60B-3718-42B5-A880-256539EC59C9}.Debug|Any CPU.ActiveCfg = Debug|Any CPU
		{340CC60B-3718-42B5-A880-256539EC59C9}.Debug|Any CPU.Build.0 = Debug|Any CPU
		{340CC60B-3718-42B5-A880-256539EC59C9}.Release|Any CPU.ActiveCfg = Release|Any CPU
		{340CC60B-3718-42B5-A880-256539EC59C9}.Release|Any CPU.Build.0 = Release|Any CPU
		{9826A138-4EB0-4475-ACD9-E65AF1938229}.Debug|Any CPU.ActiveCfg = Debug|Any CPU
		{9826A138-4EB0-4475-ACD9-E65AF1938229}.Debug|Any CPU.Build.0 = Debug|Any CPU
		{9826A138-4EB0-4475-ACD9-E65AF1938229}.Release|Any CPU.ActiveCfg = Release|Any CPU
		{9826A138-4EB0-4475-ACD9-E65AF1938229}.Release|Any CPU.Build.0 = Release|Any CPU
	EndGlobalSection
	GlobalSection(SolutionProperties) = preSolution
		HideSolutionNode = FALSE
	EndGlobalSection
	GlobalSection(ExtensibilityGlobals) = postSolution
		SolutionGuid = {731269E9-97C3-45C4-B0DA-33D0CC8727AF}
	EndGlobalSection
EndGlobal
